
Microsoft Visual Studio Solution File, Format Version 12.00
# Visual Studio 2013
VisualStudioVersion = 12.0.21005.1
MinimumVisualStudioVersion = 10.0.40219.1
Project("{FAE04EC0-301F-11D3-BF4B-00C04F79EFBC}") = "Client", "Client\Client.csproj", "{7708E1FF-AE13-482F-AEAB-13EE6C7936F9}"
EndProject
Project("{FAE04EC0-301F-11D3-BF4B-00C04F79EFBC}") = "MessageRPC", "MessageRPC\MessageRPC.csproj", "{70F134DE-828D-4AFB-84B6-A37BB79ED0C8}"
EndProject
Project("{FAE04EC0-301F-11D3-BF4B-00C04F79EFBC}") = "Server", "Server\Server.csproj", "{DABFEFDC-9414-4EED-A6CF-28B0DE47C58E}"
EndProject
Global
	GlobalSection(SolutionConfigurationPlatforms) = preSolution
		Debug|Any CPU = Debug|Any CPU
		Release|Any CPU = Release|Any CPU
	EndGlobalSection
	GlobalSection(ProjectConfigurationPlatforms) = postSolution
		{7708E1FF-AE13-482F-AEAB-13EE6C7936F9}.Debug|Any CPU.ActiveCfg = Debug|Any CPU
		{7708E1FF-AE13-482F-AEAB-13EE6C7936F9}.Debug|Any CPU.Build.0 = Debug|Any CPU
		{7708E1FF-AE13-482F-AEAB-13EE6C7936F9}.Release|Any CPU.ActiveCfg = Release|Any CPU
		{7708E1FF-AE13-482F-AEAB-13EE6C7936F9}.Release|Any CPU.Build.0 = Release|Any CPU
		{70F134DE-828D-4AFB-84B6-A37BB79ED0C8}.Debug|Any CPU.ActiveCfg = Debug|Any CPU
		{70F134DE-828D-4AFB-84B6-A37BB79ED0C8}.Debug|Any CPU.Build.0 = Debug|Any CPU
		{70F134DE-828D-4AFB-84B6-A37BB79ED0C8}.Release|Any CPU.ActiveCfg = Release|Any CPU
		{70F134DE-828D-4AFB-84B6-A37BB79ED0C8}.Release|Any CPU.Build.0 = Release|Any CPU
		{DABFEFDC-9414-4EED-A6CF-28B0DE47C58E}.Debug|Any CPU.ActiveCfg = Debug|Any CPU
		{DABFEFDC-9414-4EED-A6CF-28B0DE47C58E}.Debug|Any CPU.Build.0 = Debug|Any CPU
		{DABFEFDC-9414-4EED-A6CF-28B0DE47C58E}.Release|Any CPU.ActiveCfg = Release|Any CPU
		{DABFEFDC-9414-4EED-A6CF-28B0DE47C58E}.Release|Any CPU.Build.0 = Release|Any CPU
	EndGlobalSection
	GlobalSection(SolutionProperties) = preSolution
		HideSolutionNode = FALSE
	EndGlobalSection
EndGlobal
